{
  "pins" : [
    {
      "identity" : "swiftutilities",
      "kind" : "remoteSourceControl",
      "location" : "https://github.com/muhiro12/SwiftUtilities.git",
      "state" : {
        "revision" : "bed23ac161a683b3c7fd922064edb0d5a51c1832",
        "version" : "1.6.0"
      }
    }
  ],
  "version" : 2
}
