{
  "pins" : [
    {
      "identity" : "swiftutilities",
      "kind" : "remoteSourceControl",
      "location" : "https://github.com/muhiro12/SwiftUtilities.git",
      "state" : {
        "revision" : "d1d3caf666487fdc96dc0961128b3892f86425fd",
        "version" : "1.9.0"
      }
    }
  ],
  "version" : 2
}
