// !$*UTF8*$!
{
	archiveVersion = 1;
	classes = {
	};
	objectVersion = 54;
	objects = {

/* Begin PBXBuildFile section */
		AD009DB72C13EC0000682424 /* Secret.swift in Sources */ = {isa = PBXBuildFile; fileRef = AD009DB62C13EC0000682424 /* Secret.swift */; };
		AD693DF12C367F4E005F81D0 /* Localizable.xcstrings in Resources */ = {isa = PBXBuildFile; fileRef = AD693DF02C367F4E005F81D0 /* Localizable.xcstrings */; };
		AD85E34F2C0E80C1005A33A2 /* IncomesApp.swift in Sources */ = {isa = PBXBuildFile; fileRef = AD85E34E2C0E80C1005A33A2 /* IncomesApp.swift */; };
		ADCF36B324A1D0F70011D6F5 /* Assets.xcassets in Resources */ = {isa = PBXBuildFile; fileRef = ADCF36B224A1D0F70011D6F5 /* Assets.xcassets */; };
		ADCF375F24A2FEAF0011D6F5 /* CloudKit.framework in Frameworks */ = {isa = PBXBuildFile; fileRef = ADCF375E24A2FEAF0011D6F5 /* CloudKit.framework */; };
		ADCF391D24A550910011D6F5 /* libsqlite3.tbd in Frameworks */ = {isa = PBXBuildFile; fileRef = ADCF391C24A550900011D6F5 /* libsqlite3.tbd */; platformFilter = ios; };
		ADCF392124A551360011D6F5 /* StoreKit.framework in Frameworks */ = {isa = PBXBuildFile; fileRef = ADCF392024A551360011D6F5 /* StoreKit.framework */; platformFilter = ios; };
		ADD8475C2C16B0EE006055C9 /* GoogleService-Info.plist in Resources */ = {isa = PBXBuildFile; fileRef = ADD8475B2C16B0EE006055C9 /* GoogleService-Info.plist */; };
		ADD847602C16B132006055C9 /* Incomes in Frameworks */ = {isa = PBXBuildFile; productRef = ADD8475F2C16B132006055C9 /* Incomes */; };
/* End PBXBuildFile section */

/* Begin PBXFileReference section */
		AD009DB62C13EC0000682424 /* Secret.swift */ = {isa = PBXFileReference; lastKnownFileType = sourcecode.swift; path = Secret.swift; sourceTree = "<group>"; };
		AD693DF02C367F4E005F81D0 /* Localizable.xcstrings */ = {isa = PBXFileReference; lastKnownFileType = text.json.xcstrings; path = Localizable.xcstrings; sourceTree = "<group>"; };
		AD85E34E2C0E80C1005A33A2 /* IncomesApp.swift */ = {isa = PBXFileReference; fileEncoding = 4; lastKnownFileType = sourcecode.swift; path = IncomesApp.swift; sourceTree = "<group>"; };
		ADCF36A624A1D0F40011D6F5 /* Incomes.app */ = {isa = PBXFileReference; explicitFileType = wrapper.application; includeInIndex = 0; path = Incomes.app; sourceTree = BUILT_PRODUCTS_DIR; };
		ADCF36B224A1D0F70011D6F5 /* Assets.xcassets */ = {isa = PBXFileReference; lastKnownFileType = folder.assetcatalog; path = Assets.xcassets; sourceTree = "<group>"; };
		ADCF375E24A2FEAF0011D6F5 /* CloudKit.framework */ = {isa = PBXFileReference; lastKnownFileType = wrapper.framework; name = CloudKit.framework; path = System/Library/Frameworks/CloudKit.framework; sourceTree = SDKROOT; };
		ADCF38F624A550190011D6F5 /* GoogleDataTransport.framework */ = {isa = PBXFileReference; lastKnownFileType = wrapper.framework; path = GoogleDataTransport.framework; sourceTree = "<group>"; };
		ADCF38F724A550190011D6F5 /* Firebase.framework */ = {isa = PBXFileReference; lastKnownFileType = wrapper.framework; path = Firebase.framework; sourceTree = "<group>"; };
		ADCF38F824A550190011D6F5 /* GoogleDataTransportCCTSupport.framework */ = {isa = PBXFileReference; lastKnownFileType = wrapper.framework; path = GoogleDataTransportCCTSupport.framework; sourceTree = "<group>"; };
		ADCF38F924A550190011D6F5 /* GoogleAppMeasurement.framework */ = {isa = PBXFileReference; lastKnownFileType = wrapper.framework; path = GoogleAppMeasurement.framework; sourceTree = "<group>"; };
		ADCF38FA24A550190011D6F5 /* FirebaseCore.framework */ = {isa = PBXFileReference; lastKnownFileType = wrapper.framework; path = FirebaseCore.framework; sourceTree = "<group>"; };
		ADCF38FB24A550190011D6F5 /* FirebaseAnalytics.framework */ = {isa = PBXFileReference; lastKnownFileType = wrapper.framework; path = FirebaseAnalytics.framework; sourceTree = "<group>"; };
		ADCF38FC24A550190011D6F5 /* GoogleUtilities.framework */ = {isa = PBXFileReference; lastKnownFileType = wrapper.framework; path = GoogleUtilities.framework; sourceTree = "<group>"; };
		ADCF38FD24A550190011D6F5 /* PromisesObjC.framework */ = {isa = PBXFileReference; lastKnownFileType = wrapper.framework; path = PromisesObjC.framework; sourceTree = "<group>"; };
		ADCF38FE24A550190011D6F5 /* nanopb.framework */ = {isa = PBXFileReference; lastKnownFileType = wrapper.framework; path = nanopb.framework; sourceTree = "<group>"; };
		ADCF38FF24A550190011D6F5 /* FirebaseInstallations.framework */ = {isa = PBXFileReference; lastKnownFileType = wrapper.framework; path = FirebaseInstallations.framework; sourceTree = "<group>"; };
		ADCF390024A550190011D6F5 /* FIRAnalyticsConnector.framework */ = {isa = PBXFileReference; lastKnownFileType = wrapper.framework; path = FIRAnalyticsConnector.framework; sourceTree = "<group>"; };
		ADCF390124A550190011D6F5 /* FirebaseCoreDiagnostics.framework */ = {isa = PBXFileReference; lastKnownFileType = wrapper.framework; path = FirebaseCoreDiagnostics.framework; sourceTree = "<group>"; };
		ADCF390224A550190011D6F5 /* .FirebaseAnalyticsBinary.version */ = {isa = PBXFileReference; lastKnownFileType = text; path = .FirebaseAnalyticsBinary.version; sourceTree = "<group>"; };
		ADCF391C24A550900011D6F5 /* libsqlite3.tbd */ = {isa = PBXFileReference; lastKnownFileType = "sourcecode.text-based-dylib-definition"; name = libsqlite3.tbd; path = Platforms/MacOSX.platform/Developer/SDKs/MacOSX10.15.sdk/usr/lib/libsqlite3.tbd; sourceTree = DEVELOPER_DIR; };
		ADCF392024A551360011D6F5 /* StoreKit.framework */ = {isa = PBXFileReference; lastKnownFileType = wrapper.framework; name = StoreKit.framework; path = Platforms/MacOSX.platform/Developer/SDKs/MacOSX10.15.sdk/System/Library/Frameworks/StoreKit.framework; sourceTree = DEVELOPER_DIR; };
		ADD8475B2C16B0EE006055C9 /* GoogleService-Info.plist */ = {isa = PBXFileReference; fileEncoding = 4; lastKnownFileType = text.plist.xml; path = "GoogleService-Info.plist"; sourceTree = "<group>"; };
/* End PBXFileReference section */

/* Begin PBXFrameworksBuildPhase section */
		ADCF36A324A1D0F40011D6F5 /* Frameworks */ = {
			isa = PBXFrameworksBuildPhase;
			buildActionMask = 2147483647;
			files = (
				ADCF392124A551360011D6F5 /* StoreKit.framework in Frameworks */,
				ADD847602C16B132006055C9 /* Incomes in Frameworks */,
				ADCF391D24A550910011D6F5 /* libsqlite3.tbd in Frameworks */,
				ADCF375F24A2FEAF0011D6F5 /* CloudKit.framework in Frameworks */,
			);
			runOnlyForDeploymentPostprocessing = 0;
		};
/* End PBXFrameworksBuildPhase section */

/* Begin PBXGroup section */
		ADCF369D24A1D0F40011D6F5 = {
			isa = PBXGroup;
			children = (
				ADCF36A824A1D0F40011D6F5 /* Incomes */,
				ADCF36A724A1D0F40011D6F5 /* Products */,
				ADCF375D24A2FEAF0011D6F5 /* Frameworks */,
			);
			sourceTree = "<group>";
		};
		ADCF36A724A1D0F40011D6F5 /* Products */ = {
			isa = PBXGroup;
			children = (
				ADCF36A624A1D0F40011D6F5 /* Incomes.app */,
			);
			name = Products;
			sourceTree = "<group>";
		};
		ADCF36A824A1D0F40011D6F5 /* Incomes */ = {
			isa = PBXGroup;
			children = (
				ADD8475B2C16B0EE006055C9 /* GoogleService-Info.plist */,
				AD85E34E2C0E80C1005A33A2 /* IncomesApp.swift */,
				AD009DB62C13EC0000682424 /* Secret.swift */,
				ADCF36B224A1D0F70011D6F5 /* Assets.xcassets */,
				AD693DF02C367F4E005F81D0 /* Localizable.xcstrings */,
			);
			path = Incomes;
			sourceTree = "<group>";
		};
		ADCF375D24A2FEAF0011D6F5 /* Frameworks */ = {
			isa = PBXGroup;
			children = (
				ADCF392024A551360011D6F5 /* StoreKit.framework */,
				ADCF391C24A550900011D6F5 /* libsqlite3.tbd */,
				ADCF38F424A550190011D6F5 /* Build */,
				ADCF375E24A2FEAF0011D6F5 /* CloudKit.framework */,
			);
			name = Frameworks;
			sourceTree = "<group>";
		};
		ADCF38F424A550190011D6F5 /* Build */ = {
			isa = PBXGroup;
			children = (
				ADCF38F524A550190011D6F5 /* iOS */,
				ADCF390224A550190011D6F5 /* .FirebaseAnalyticsBinary.version */,
			);
			name = Build;
			path = Carthage/Build;
			sourceTree = "<group>";
		};
		ADCF38F524A550190011D6F5 /* iOS */ = {
			isa = PBXGroup;
			children = (
				ADCF38F624A550190011D6F5 /* GoogleDataTransport.framework */,
				ADCF38F724A550190011D6F5 /* Firebase.framework */,
				ADCF38F824A550190011D6F5 /* GoogleDataTransportCCTSupport.framework */,
				ADCF38F924A550190011D6F5 /* GoogleAppMeasurement.framework */,
				ADCF38FA24A550190011D6F5 /* FirebaseCore.framework */,
				ADCF38FB24A550190011D6F5 /* FirebaseAnalytics.framework */,
				ADCF38FC24A550190011D6F5 /* GoogleUtilities.framework */,
				ADCF38FD24A550190011D6F5 /* PromisesObjC.framework */,
				ADCF38FE24A550190011D6F5 /* nanopb.framework */,
				ADCF38FF24A550190011D6F5 /* FirebaseInstallations.framework */,
				ADCF390024A550190011D6F5 /* FIRAnalyticsConnector.framework */,
				ADCF390124A550190011D6F5 /* FirebaseCoreDiagnostics.framework */,
			);
			path = iOS;
			sourceTree = "<group>";
		};
/* End PBXGroup section */

/* Begin PBXNativeTarget section */
		ADCF36A524A1D0F40011D6F5 /* Incomes */ = {
			isa = PBXNativeTarget;
			buildConfigurationList = ADCF36D324A1D0F70011D6F5 /* Build configuration list for PBXNativeTarget "Incomes" */;
			buildPhases = (
				ADCF36A224A1D0F40011D6F5 /* Sources */,
				ADCF36A324A1D0F40011D6F5 /* Frameworks */,
				ADCF36A424A1D0F40011D6F5 /* Resources */,
			);
			buildRules = (
			);
			dependencies = (
			);
			name = Incomes;
			packageProductDependencies = (
				ADD8475F2C16B132006055C9 /* Incomes */,
			);
			productName = Incomes;
			productReference = ADCF36A624A1D0F40011D6F5 /* Incomes.app */;
			productType = "com.apple.product-type.application";
		};
/* End PBXNativeTarget section */

/* Begin PBXProject section */
		ADCF369E24A1D0F40011D6F5 /* Project object */ = {
			isa = PBXProject;
			attributes = {
				BuildIndependentTargetsInParallel = YES;
				LastSwiftUpdateCheck = 1150;
				LastUpgradeCheck = 1600;
				ORGANIZATIONNAME = "Hiromu Nakano";
				TargetAttributes = {
					ADCF36A524A1D0F40011D6F5 = {
						CreatedOnToolsVersion = 11.5;
						LastSwiftMigration = 1150;
					};
				};
			};
			buildConfigurationList = ADCF36A124A1D0F40011D6F5 /* Build configuration list for PBXProject "Incomes" */;
			compatibilityVersion = "Xcode 9.3";
			developmentRegion = en;
			hasScannedForEncodings = 0;
			knownRegions = (
				en,
				Base,
				ja,
			);
			mainGroup = ADCF369D24A1D0F40011D6F5;
			packageReferences = (
			);
			productRefGroup = ADCF36A724A1D0F40011D6F5 /* Products */;
			projectDirPath = "";
			projectRoot = "";
			targets = (
				ADCF36A524A1D0F40011D6F5 /* Incomes */,
			);
		};
/* End PBXProject section */

/* Begin PBXResourcesBuildPhase section */
		ADCF36A424A1D0F40011D6F5 /* Resources */ = {
			isa = PBXResourcesBuildPhase;
			buildActionMask = 2147483647;
			files = (
				ADCF36B324A1D0F70011D6F5 /* Assets.xcassets in Resources */,
				ADD8475C2C16B0EE006055C9 /* GoogleService-Info.plist in Resources */,
				AD693DF12C367F4E005F81D0 /* Localizable.xcstrings in Resources */,
			);
			runOnlyForDeploymentPostprocessing = 0;
		};
/* End PBXResourcesBuildPhase section */

/* Begin PBXSourcesBuildPhase section */
		ADCF36A224A1D0F40011D6F5 /* Sources */ = {
			isa = PBXSourcesBuildPhase;
			buildActionMask = 2147483647;
			files = (
				AD85E34F2C0E80C1005A33A2 /* IncomesApp.swift in Sources */,
				AD009DB72C13EC0000682424 /* Secret.swift in Sources */,
			);
			runOnlyForDeploymentPostprocessing = 0;
		};
/* End PBXSourcesBuildPhase section */

/* Begin XCBuildConfiguration section */
		ADCF36D124A1D0F70011D6F5 /* Debug */ = {
			isa = XCBuildConfiguration;
			buildSettings = {
				ALWAYS_SEARCH_USER_PATHS = NO;
				ASSETCATALOG_COMPILER_GENERATE_SWIFT_ASSET_SYMBOL_EXTENSIONS = YES;
				ASSETCATALOG_COMPILER_GLOBAL_ACCENT_COLOR_NAME = AccentColor;
				CLANG_ANALYZER_LOCALIZABILITY_NONLOCALIZED = YES;
				CLANG_ANALYZER_NONNULL = YES;
				CLANG_ANALYZER_NUMBER_OBJECT_CONVERSION = YES_AGGRESSIVE;
				CLANG_CXX_LANGUAGE_STANDARD = "gnu++14";
				CLANG_CXX_LIBRARY = "libc++";
				CLANG_ENABLE_MODULES = YES;
				CLANG_ENABLE_OBJC_ARC = YES;
				CLANG_ENABLE_OBJC_WEAK = YES;
				CLANG_WARN_BLOCK_CAPTURE_AUTORELEASING = YES;
				CLANG_WARN_BOOL_CONVERSION = YES;
				CLANG_WARN_COMMA = YES;
				CLANG_WARN_CONSTANT_CONVERSION = YES;
				CLANG_WARN_DEPRECATED_OBJC_IMPLEMENTATIONS = YES;
				CLANG_WARN_DIRECT_OBJC_ISA_USAGE = YES_ERROR;
				CLANG_WARN_DOCUMENTATION_COMMENTS = YES;
				CLANG_WARN_EMPTY_BODY = YES;
				CLANG_WARN_ENUM_CONVERSION = YES;
				CLANG_WARN_INFINITE_RECURSION = YES;
				CLANG_WARN_INT_CONVERSION = YES;
				CLANG_WARN_NON_LITERAL_NULL_CONVERSION = YES;
				CLANG_WARN_OBJC_IMPLICIT_RETAIN_SELF = YES;
				CLANG_WARN_OBJC_LITERAL_CONVERSION = YES;
				CLANG_WARN_OBJC_ROOT_CLASS = YES_ERROR;
				CLANG_WARN_QUOTED_INCLUDE_IN_FRAMEWORK_HEADER = YES;
				CLANG_WARN_RANGE_LOOP_ANALYSIS = YES;
				CLANG_WARN_STRICT_PROTOTYPES = YES;
				CLANG_WARN_SUSPICIOUS_MOVE = YES;
				CLANG_WARN_UNGUARDED_AVAILABILITY = YES_AGGRESSIVE;
				CLANG_WARN_UNREACHABLE_CODE = YES;
				CLANG_WARN__DUPLICATE_METHOD_MATCH = YES;
				COPY_PHASE_STRIP = NO;
				DEBUG_INFORMATION_FORMAT = dwarf;
				ENABLE_STRICT_OBJC_MSGSEND = YES;
				ENABLE_TESTABILITY = YES;
				ENABLE_USER_SCRIPT_SANDBOXING = YES;
				GCC_C_LANGUAGE_STANDARD = gnu11;
				GCC_DYNAMIC_NO_PIC = NO;
				GCC_NO_COMMON_BLOCKS = YES;
				GCC_OPTIMIZATION_LEVEL = 0;
				GCC_PREPROCESSOR_DEFINITIONS = (
					"DEBUG=1",
					"$(inherited)",
				);
				GCC_WARN_64_TO_32_BIT_CONVERSION = YES;
				GCC_WARN_ABOUT_RETURN_TYPE = YES_ERROR;
				GCC_WARN_UNDECLARED_SELECTOR = YES;
				GCC_WARN_UNINITIALIZED_AUTOS = YES_AGGRESSIVE;
				GCC_WARN_UNUSED_FUNCTION = YES;
				GCC_WARN_UNUSED_VARIABLE = YES;
				IPHONEOS_DEPLOYMENT_TARGET = 17.0;
				LOCALIZATION_PREFERS_STRING_CATALOGS = YES;
				MTL_ENABLE_DEBUG_INFO = INCLUDE_SOURCE;
				MTL_FAST_MATH = YES;
				ONLY_ACTIVE_ARCH = YES;
				SDKROOT = iphoneos;
				SWIFT_ACTIVE_COMPILATION_CONDITIONS = DEBUG;
				SWIFT_EMIT_LOC_STRINGS = YES;
				SWIFT_OBJC_BRIDGING_HEADER = "";
				SWIFT_OPTIMIZATION_LEVEL = "-Onone";
			};
			name = Debug;
		};
		ADCF36D224A1D0F70011D6F5 /* Release */ = {
			isa = XCBuildConfiguration;
			buildSettings = {
				ALWAYS_SEARCH_USER_PATHS = NO;
				ASSETCATALOG_COMPILER_GENERATE_SWIFT_ASSET_SYMBOL_EXTENSIONS = YES;
				ASSETCATALOG_COMPILER_GLOBAL_ACCENT_COLOR_NAME = AccentColor;
				CLANG_ANALYZER_LOCALIZABILITY_NONLOCALIZED = YES;
				CLANG_ANALYZER_NONNULL = YES;
				CLANG_ANALYZER_NUMBER_OBJECT_CONVERSION = YES_AGGRESSIVE;
				CLANG_CXX_LANGUAGE_STANDARD = "gnu++14";
				CLANG_CXX_LIBRARY = "libc++";
				CLANG_ENABLE_MODULES = YES;
				CLANG_ENABLE_OBJC_ARC = YES;
				CLANG_ENABLE_OBJC_WEAK = YES;
				CLANG_WARN_BLOCK_CAPTURE_AUTORELEASING = YES;
				CLANG_WARN_BOOL_CONVERSION = YES;
				CLANG_WARN_COMMA = YES;
				CLANG_WARN_CONSTANT_CONVERSION = YES;
				CLANG_WARN_DEPRECATED_OBJC_IMPLEMENTATIONS = YES;
				CLANG_WARN_DIRECT_OBJC_ISA_USAGE = YES_ERROR;
				CLANG_WARN_DOCUMENTATION_COMMENTS = YES;
				CLANG_WARN_EMPTY_BODY = YES;
				CLANG_WARN_ENUM_CONVERSION = YES;
				CLANG_WARN_INFINITE_RECURSION = YES;
				CLANG_WARN_INT_CONVERSION = YES;
				CLANG_WARN_NON_LITERAL_NULL_CONVERSION = YES;
				CLANG_WARN_OBJC_IMPLICIT_RETAIN_SELF = YES;
				CLANG_WARN_OBJC_LITERAL_CONVERSION = YES;
				CLANG_WARN_OBJC_ROOT_CLASS = YES_ERROR;
				CLANG_WARN_QUOTED_INCLUDE_IN_FRAMEWORK_HEADER = YES;
				CLANG_WARN_RANGE_LOOP_ANALYSIS = YES;
				CLANG_WARN_STRICT_PROTOTYPES = YES;
				CLANG_WARN_SUSPICIOUS_MOVE = YES;
				CLANG_WARN_UNGUARDED_AVAILABILITY = YES_AGGRESSIVE;
				CLANG_WARN_UNREACHABLE_CODE = YES;
				CLANG_WARN__DUPLICATE_METHOD_MATCH = YES;
				COPY_PHASE_STRIP = NO;
				DEBUG_INFORMATION_FORMAT = "dwarf-with-dsym";
				ENABLE_NS_ASSERTIONS = NO;
				ENABLE_STRICT_OBJC_MSGSEND = YES;
				ENABLE_USER_SCRIPT_SANDBOXING = YES;
				GCC_C_LANGUAGE_STANDARD = gnu11;
				GCC_NO_COMMON_BLOCKS = YES;
				GCC_WARN_64_TO_32_BIT_CONVERSION = YES;
				GCC_WARN_ABOUT_RETURN_TYPE = YES_ERROR;
				GCC_WARN_UNDECLARED_SELECTOR = YES;
				GCC_WARN_UNINITIALIZED_AUTOS = YES_AGGRESSIVE;
				GCC_WARN_UNUSED_FUNCTION = YES;
				GCC_WARN_UNUSED_VARIABLE = YES;
				IPHONEOS_DEPLOYMENT_TARGET = 17.0;
				LOCALIZATION_PREFERS_STRING_CATALOGS = YES;
				MTL_ENABLE_DEBUG_INFO = NO;
				MTL_FAST_MATH = YES;
				SDKROOT = iphoneos;
				SWIFT_COMPILATION_MODE = wholemodule;
				SWIFT_EMIT_LOC_STRINGS = YES;
				SWIFT_OBJC_BRIDGING_HEADER = "";
				SWIFT_OPTIMIZATION_LEVEL = "-O";
				VALIDATE_PRODUCT = YES;
			};
			name = Release;
		};
		ADCF36D424A1D0F70011D6F5 /* Debug */ = {
			isa = XCBuildConfiguration;
			buildSettings = {
				ASSETCATALOG_COMPILER_APPICON_NAME = AppIcon;
				CLANG_ENABLE_MODULES = YES;
				CODE_SIGN_ENTITLEMENTS = ../Configurations/Incomes.entitlements;
				CODE_SIGN_IDENTITY = "Apple Development";
				"CODE_SIGN_IDENTITY[sdk=macosx*]" = "Apple Development";
				CODE_SIGN_STYLE = Automatic;
				CURRENT_PROJECT_VERSION = 1;
				DEVELOPMENT_ASSET_PATHS = "";
				DEVELOPMENT_TEAM = 66PKF55HK5;
				ENABLE_PREVIEWS = YES;
				INFOPLIST_FILE = ../Configurations/Base.lproj/Info.plist;
				LD_RUNPATH_SEARCH_PATHS = (
					"$(inherited)",
					"@executable_path/Frameworks",
				);
				MARKETING_VERSION = 2.9.0;
				OTHER_LDFLAGS = "-ObjC";
				PRODUCT_BUNDLE_IDENTIFIER = com.muhiro12.Incomes.Dev;
				PRODUCT_DISPLAY_NAME = "$(PRODUCT_NAME) Dev";
				PRODUCT_NAME = "$(TARGET_NAME)";
				PROVISIONING_PROFILE_SPECIFIER = "";
				"PROVISIONING_PROFILE_SPECIFIER[sdk=macosx*]" = "";
				SUPPORTED_PLATFORMS = "iphoneos iphonesimulator";
				SUPPORTS_MACCATALYST = NO;
				SWIFT_EMIT_LOC_STRINGS = YES;
				SWIFT_OPTIMIZATION_LEVEL = "-Onone";
				SWIFT_VERSION = 5.0;
				TARGETED_DEVICE_FAMILY = "1,2";
			};
			name = Debug;
		};
		ADCF36D524A1D0F70011D6F5 /* Release */ = {
			isa = XCBuildConfiguration;
			buildSettings = {
				ASSETCATALOG_COMPILER_APPICON_NAME = AppIcon;
				CLANG_ENABLE_MODULES = YES;
				CODE_SIGN_ENTITLEMENTS = ../Configurations/Incomes.entitlements;
				CODE_SIGN_IDENTITY = "Apple Development";
				"CODE_SIGN_IDENTITY[sdk=macosx*]" = "Apple Development";
				CODE_SIGN_STYLE = Automatic;
				CURRENT_PROJECT_VERSION = 1;
				DEVELOPMENT_ASSET_PATHS = "";
				DEVELOPMENT_TEAM = 66PKF55HK5;
				ENABLE_PREVIEWS = YES;
				INFOPLIST_FILE = ../Configurations/Base.lproj/Info.plist;
				LD_RUNPATH_SEARCH_PATHS = (
					"$(inherited)",
					"@executable_path/Frameworks",
				);
				MARKETING_VERSION = 2.9.0;
				OTHER_LDFLAGS = "-ObjC";
				PRODUCT_BUNDLE_IDENTIFIER = com.muhiro12.Incomes;
				PRODUCT_DISPLAY_NAME = "$(PRODUCT_NAME)";
				PRODUCT_NAME = "$(TARGET_NAME)";
				PROVISIONING_PROFILE_SPECIFIER = "";
				"PROVISIONING_PROFILE_SPECIFIER[sdk=macosx*]" = "";
				SUPPORTED_PLATFORMS = "iphoneos iphonesimulator";
				SUPPORTS_MACCATALYST = NO;
				SWIFT_EMIT_LOC_STRINGS = YES;
				SWIFT_VERSION = 5.0;
				TARGETED_DEVICE_FAMILY = "1,2";
			};
			name = Release;
		};
/* End XCBuildConfiguration section */

/* Begin XCConfigurationList section */
		ADCF36A124A1D0F40011D6F5 /* Build configuration list for PBXProject "Incomes" */ = {
			isa = XCConfigurationList;
			buildConfigurations = (
				ADCF36D124A1D0F70011D6F5 /* Debug */,
				ADCF36D224A1D0F70011D6F5 /* Release */,
			);
			defaultConfigurationIsVisible = 0;
			defaultConfigurationName = Release;
		};
		ADCF36D324A1D0F70011D6F5 /* Build configuration list for PBXNativeTarget "Incomes" */ = {
			isa = XCConfigurationList;
			buildConfigurations = (
				ADCF36D424A1D0F70011D6F5 /* Debug */,
				ADCF36D524A1D0F70011D6F5 /* Release */,
			);
			defaultConfigurationIsVisible = 0;
			defaultConfigurationName = Release;
		};
/* End XCConfigurationList section */

/* Begin XCSwiftPackageProductDependency section */
		ADD8475F2C16B132006055C9 /* Incomes */ = {
			isa = XCSwiftPackageProductDependency;
			productName = Incomes;
		};
/* End XCSwiftPackageProductDependency section */
	};
	rootObject = ADCF369E24A1D0F40011D6F5 /* Project object */;
}
