{
  "originHash" : "b8ab25626322fbf106abd794e277ddf3915017a64f75eab9bc60aa49408b4550",
  "pins" : [
    {
      "identity" : "googlemobileadswrapper",
      "kind" : "remoteSourceControl",
      "location" : "https://github.com/muhiro12/GoogleMobileAdsWrapper",
      "state" : {
        "revision" : "99611421e24b72353f26ec5f8c722de8f43e94a0",
        "version" : "2.0.0"
      }
    },
    {
      "identity" : "licenselist",
      "kind" : "remoteSourceControl",
      "location" : "https://github.com/cybozu/LicenseList.git",
      "state" : {
        "revision" : "ee1e897acb2c8f3061fca4434cb702e8ddb7a72c",
        "version" : "2.5.0"
      }
    },
    {
      "identity" : "mhplatform",
      "kind" : "remoteSourceControl",
      "location" : "https://github.com/muhiro12/MHPlatform",
      "state" : {
        "revision" : "f33318bfac7228a0aa49563b256fb3553a74c4c2",
        "version" : "1.14.0"
      }
    },
    {
      "identity" : "mhui",
      "kind" : "remoteSourceControl",
      "location" : "https://github.com/muhiro12/MHUI",
      "state" : {
        "revision" : "9829074d0a64b0d10f30cca946dbe9db2fcf5616",
        "version" : "1.20.0"
      }
    },
    {
      "identity" : "storekitwrapper",
      "kind" : "remoteSourceControl",
      "location" : "https://github.com/muhiro12/StoreKitWrapper",
      "state" : {
        "revision" : "d82ee5bc733faf5ce14bc3e7139839eb0136f4d6",
        "version" : "1.4.0"
      }
    },
    {
      "identity" : "swift-package-manager-google-mobile-ads",
      "kind" : "remoteSourceControl",
      "location" : "https://github.com/googleads/swift-package-manager-google-mobile-ads.git",
      "state" : {
        "revision" : "12b7af0f844723a86fd3c0089b02f64b1e495605",
        "version" : "13.10.0"
      }
    },
    {
      "identity" : "swift-package-manager-google-user-messaging-platform",
      "kind" : "remoteSourceControl",
      "location" : "https://github.com/googleads/swift-package-manager-google-user-messaging-platform.git",
      "state" : {
        "revision" : "13b248eaa73b7826f0efb1bcf455e251d65ecb1b",
        "version" : "3.1.0"
      }
    },
    {
      "identity" : "swiftlintplugins",
      "kind" : "remoteSourceControl",
      "location" : "https://github.com/SimplyDanny/SwiftLintPlugins",
      "state" : {
        "revision" : "ef7d692fc6706e8f5628e26bcafaefa445c58a97",
        "version" : "0.65.1"
      }
    }
  ],
  "version" : 3
}
