{
  "originHash" : "149cfea5e2390ecb9b9599e9ff726d8a50235580d86127538e407e97bfed79fe",
  "pins" : [
    {
      "identity" : "googlemobileadswrapper",
      "kind" : "remoteSourceControl",
      "location" : "https://github.com/muhiro12/GoogleMobileAdsWrapper",
      "state" : {
        "revision" : "7ff5322c261c2df336983b7bc4191a170ac1f718",
        "version" : "1.4.0"
      }
    },
    {
      "identity" : "licenselist",
      "kind" : "remoteSourceControl",
      "location" : "https://github.com/cybozu/LicenseList.git",
      "state" : {
        "revision" : "ee1e897acb2c8f3061fca4434cb702e8ddb7a72c",
        "version" : "2.5.0"
      }
    },
    {
      "identity" : "mhplatform",
      "kind" : "remoteSourceControl",
      "location" : "https://github.com/muhiro12/MHPlatform",
      "state" : {
        "revision" : "7c6eb2b9ae9c12ba7f486af136ed85505c5d3975",
        "version" : "1.13.0"
      }
    },
    {
      "identity" : "mhui",
      "kind" : "remoteSourceControl",
      "location" : "https://github.com/muhiro12/MHUI",
      "state" : {
        "revision" : "5e9841f77b770184ea560cec4831adacc1e0fdb6",
        "version" : "1.18.0"
      }
    },
    {
      "identity" : "storekitwrapper",
      "kind" : "remoteSourceControl",
      "location" : "https://github.com/muhiro12/StoreKitWrapper",
      "state" : {
        "revision" : "d82ee5bc733faf5ce14bc3e7139839eb0136f4d6",
        "version" : "1.4.0"
      }
    },
    {
      "identity" : "swift-package-manager-google-mobile-ads",
      "kind" : "remoteSourceControl",
      "location" : "https://github.com/googleads/swift-package-manager-google-mobile-ads.git",
      "state" : {
        "revision" : "54efe6d39a7b41b84c1041f21c704a7e6a493d7a",
        "version" : "13.9.0"
      }
    },
    {
      "identity" : "swift-package-manager-google-user-messaging-platform",
      "kind" : "remoteSourceControl",
      "location" : "https://github.com/googleads/swift-package-manager-google-user-messaging-platform.git",
      "state" : {
        "revision" : "13b248eaa73b7826f0efb1bcf455e251d65ecb1b",
        "version" : "3.1.0"
      }
    },
    {
      "identity" : "swiftlintplugins",
      "kind" : "remoteSourceControl",
      "location" : "https://github.com/SimplyDanny/SwiftLintPlugins",
      "state" : {
        "revision" : "ecb6907e0db6f79ed2c7a569df4e723a47615208",
        "version" : "0.64.1"
      }
    }
  ],
  "version" : 3
}
