// !$*UTF8*$!
{
	archiveVersion = 1;
	classes = {
	};
	objectVersion = 70;
	objects = {

/* Begin PBXBuildFile section */
		ADA85F312DB6275B0047CB54 /* GoogleMobileAdsWrapper in Frameworks */ = {isa = PBXBuildFile; productRef = ADA85F302DB6275B0047CB54 /* GoogleMobileAdsWrapper */; };
		ADA85F342DB627730047CB54 /* LicenseListWrapper in Frameworks */ = {isa = PBXBuildFile; productRef = ADA85F332DB627730047CB54 /* LicenseListWrapper */; };
		ADA85F372DB627A20047CB54 /* SwiftUtilities in Frameworks */ = {isa = PBXBuildFile; productRef = ADA85F362DB627A20047CB54 /* SwiftUtilities */; };
		ADEACF912DB634A1001407EF /* StoreKitWrapper in Frameworks */ = {isa = PBXBuildFile; productRef = ADEACF902DB634A1001407EF /* StoreKitWrapper */; };
/* End PBXBuildFile section */

/* Begin PBXContainerItemProxy section */
		ADA85F662DB62CDA0047CB54 /* PBXContainerItemProxy */ = {
			isa = PBXContainerItemProxy;
			containerPortal = ADCF369E24A1D0F40011D6F5 /* Project object */;
			proxyType = 1;
			remoteGlobalIDString = ADCF36A524A1D0F40011D6F5;
			remoteInfo = Incomes;
		};
		ADD8C8B52DDADBD6002431C6 /* PBXContainerItemProxy */ = {
			isa = PBXContainerItemProxy;
			containerPortal = ADCF369E24A1D0F40011D6F5 /* Project object */;
			proxyType = 1;
			remoteGlobalIDString = ADCF36A524A1D0F40011D6F5;
			remoteInfo = Incomes;
		};
/* End PBXContainerItemProxy section */

/* Begin PBXFileReference section */
		ADA85F622DB62CDA0047CB54 /* IncomesTests.xctest */ = {isa = PBXFileReference; explicitFileType = wrapper.cfbundle; includeInIndex = 0; path = IncomesTests.xctest; sourceTree = BUILT_PRODUCTS_DIR; };
		ADCF36A624A1D0F40011D6F5 /* Incomes.app */ = {isa = PBXFileReference; explicitFileType = wrapper.application; includeInIndex = 0; path = Incomes.app; sourceTree = BUILT_PRODUCTS_DIR; };
		ADCF375E24A2FEAF0011D6F5 /* CloudKit.framework */ = {isa = PBXFileReference; lastKnownFileType = wrapper.framework; name = CloudKit.framework; path = System/Library/Frameworks/CloudKit.framework; sourceTree = SDKROOT; };
		ADD8C8BC2DDADBD6002431C6 /* IncomesTimeZoneTests.xctest */ = {isa = PBXFileReference; explicitFileType = wrapper.cfbundle; includeInIndex = 0; path = IncomesTimeZoneTests.xctest; sourceTree = BUILT_PRODUCTS_DIR; };
/* End PBXFileReference section */

/* Begin PBXFileSystemSynchronizedBuildFileExceptionSet section */
		ADC3C97E2D88983300B8ADDE /* PBXFileSystemSynchronizedBuildFileExceptionSet */ = {
			isa = PBXFileSystemSynchronizedBuildFileExceptionSet;
			membershipExceptions = (
				Configurations/Info.plist,
			);
			target = ADCF36A524A1D0F40011D6F5 /* Incomes */;
		};
		ADD8C8BD2DDADBD6002431C6 /* PBXFileSystemSynchronizedBuildFileExceptionSet */ = {
			isa = PBXFileSystemSynchronizedBuildFileExceptionSet;
			membershipExceptions = (
				Default/BalanceCalculatorTests.swift,
				Default/CalendarExtensionXCTests.swift,
				Default/LocaleAmountConverterTest.swift,
				Default/StringExtensionTests.swift,
				Incomes.xctestplan,
			);
			target = ADD8C8B32DDADBD6002431C6 /* IncomesTimeZoneTests */;
		};
		ADF386A02DB64567004E841F /* PBXFileSystemSynchronizedBuildFileExceptionSet */ = {
			isa = PBXFileSystemSynchronizedBuildFileExceptionSet;
			membershipExceptions = (
				Incomes.xctestplan,
				TimeZone/CalendarExtensionTest.swift,
				TimeZone/DateExtensionTests.swift,
				TimeZone/ItemPredicateTest.swift,
				TimeZone/ItemServiceTest.swift,
				TimeZone/ItemTest.swift,
			);
			target = ADA85F612DB62CDA0047CB54 /* IncomesTests */;
		};
/* End PBXFileSystemSynchronizedBuildFileExceptionSet section */

/* Begin PBXFileSystemSynchronizedRootGroup section */
		ADA5778B2CB66D6200CE47E2 /* Incomes */ = {isa = PBXFileSystemSynchronizedRootGroup; exceptions = (ADC3C97E2D88983300B8ADDE /* PBXFileSystemSynchronizedBuildFileExceptionSet */, ); explicitFileTypes = {}; explicitFolders = (); path = Incomes; sourceTree = "<group>"; };
		ADA85F632DB62CDA0047CB54 /* IncomesTests */ = {isa = PBXFileSystemSynchronizedRootGroup; exceptions = (ADF386A02DB64567004E841F /* PBXFileSystemSynchronizedBuildFileExceptionSet */, ADD8C8BD2DDADBD6002431C6 /* PBXFileSystemSynchronizedBuildFileExceptionSet */, ); explicitFileTypes = {}; explicitFolders = (); path = IncomesTests; sourceTree = "<group>"; };
/* End PBXFileSystemSynchronizedRootGroup section */

/* Begin PBXFrameworksBuildPhase section */
		ADA85F5F2DB62CDA0047CB54 /* Frameworks */ = {
			isa = PBXFrameworksBuildPhase;
			buildActionMask = 2147483647;
			files = (
			);
			runOnlyForDeploymentPostprocessing = 0;
		};
		ADCF36A324A1D0F40011D6F5 /* Frameworks */ = {
			isa = PBXFrameworksBuildPhase;
			buildActionMask = 2147483647;
			files = (
				ADA85F312DB6275B0047CB54 /* GoogleMobileAdsWrapper in Frameworks */,
				ADEACF912DB634A1001407EF /* StoreKitWrapper in Frameworks */,
				ADA85F342DB627730047CB54 /* LicenseListWrapper in Frameworks */,
				ADA85F372DB627A20047CB54 /* SwiftUtilities in Frameworks */,
			);
			runOnlyForDeploymentPostprocessing = 0;
		};
		ADD8C8B72DDADBD6002431C6 /* Frameworks */ = {
			isa = PBXFrameworksBuildPhase;
			buildActionMask = 2147483647;
			files = (
			);
			runOnlyForDeploymentPostprocessing = 0;
		};
/* End PBXFrameworksBuildPhase section */

/* Begin PBXGroup section */
		ADCF369D24A1D0F40011D6F5 = {
			isa = PBXGroup;
			children = (
				ADA5778B2CB66D6200CE47E2 /* Incomes */,
				ADA85F632DB62CDA0047CB54 /* IncomesTests */,
				ADCF36A724A1D0F40011D6F5 /* Products */,
				ADCF375D24A2FEAF0011D6F5 /* Frameworks */,
			);
			sourceTree = "<group>";
		};
		ADCF36A724A1D0F40011D6F5 /* Products */ = {
			isa = PBXGroup;
			children = (
				ADCF36A624A1D0F40011D6F5 /* Incomes.app */,
				ADA85F622DB62CDA0047CB54 /* IncomesTests.xctest */,
				ADD8C8BC2DDADBD6002431C6 /* IncomesTimeZoneTests.xctest */,
			);
			name = Products;
			sourceTree = "<group>";
		};
		ADCF375D24A2FEAF0011D6F5 /* Frameworks */ = {
			isa = PBXGroup;
			children = (
				ADCF375E24A2FEAF0011D6F5 /* CloudKit.framework */,
			);
			name = Frameworks;
			sourceTree = "<group>";
		};
/* End PBXGroup section */

/* Begin PBXNativeTarget section */
		ADA85F612DB62CDA0047CB54 /* IncomesTests */ = {
			isa = PBXNativeTarget;
			buildConfigurationList = ADA85F682DB62CDA0047CB54 /* Build configuration list for PBXNativeTarget "IncomesTests" */;
			buildPhases = (
				ADA85F5E2DB62CDA0047CB54 /* Sources */,
				ADA85F5F2DB62CDA0047CB54 /* Frameworks */,
				ADA85F602DB62CDA0047CB54 /* Resources */,
			);
			buildRules = (
			);
			dependencies = (
				ADA85F672DB62CDA0047CB54 /* PBXTargetDependency */,
			);
			fileSystemSynchronizedGroups = (
				ADA85F632DB62CDA0047CB54 /* IncomesTests */,
			);
			name = IncomesTests;
			packageProductDependencies = (
			);
			productName = IncomesTests;
			productReference = ADA85F622DB62CDA0047CB54 /* IncomesTests.xctest */;
			productType = "com.apple.product-type.bundle.unit-test";
		};
		ADCF36A524A1D0F40011D6F5 /* Incomes */ = {
			isa = PBXNativeTarget;
			buildConfigurationList = ADCF36D324A1D0F70011D6F5 /* Build configuration list for PBXNativeTarget "Incomes" */;
			buildPhases = (
				ADCF36A224A1D0F40011D6F5 /* Sources */,
				ADCF36A324A1D0F40011D6F5 /* Frameworks */,
				ADCF36A424A1D0F40011D6F5 /* Resources */,
			);
			buildRules = (
			);
			dependencies = (
			);
			fileSystemSynchronizedGroups = (
				ADA5778B2CB66D6200CE47E2 /* Incomes */,
			);
			name = Incomes;
			packageProductDependencies = (
				ADA85F302DB6275B0047CB54 /* GoogleMobileAdsWrapper */,
				ADA85F332DB627730047CB54 /* LicenseListWrapper */,
				ADA85F362DB627A20047CB54 /* SwiftUtilities */,
				ADEACF902DB634A1001407EF /* StoreKitWrapper */,
			);
			productName = Incomes;
			productReference = ADCF36A624A1D0F40011D6F5 /* Incomes.app */;
			productType = "com.apple.product-type.application";
		};
		ADD8C8B32DDADBD6002431C6 /* IncomesTimeZoneTests */ = {
			isa = PBXNativeTarget;
			buildConfigurationList = ADD8C8B92DDADBD6002431C6 /* Build configuration list for PBXNativeTarget "IncomesTimeZoneTests" */;
			buildPhases = (
				ADD8C8B62DDADBD6002431C6 /* Sources */,
				ADD8C8B72DDADBD6002431C6 /* Frameworks */,
				ADD8C8B82DDADBD6002431C6 /* Resources */,
			);
			buildRules = (
			);
			dependencies = (
				ADD8C8B42DDADBD6002431C6 /* PBXTargetDependency */,
			);
			fileSystemSynchronizedGroups = (
				ADA85F632DB62CDA0047CB54 /* IncomesTests */,
			);
			name = IncomesTimeZoneTests;
			packageProductDependencies = (
			);
			productName = IncomesTests;
			productReference = ADD8C8BC2DDADBD6002431C6 /* IncomesTimeZoneTests.xctest */;
			productType = "com.apple.product-type.bundle.unit-test";
		};
/* End PBXNativeTarget section */

/* Begin PBXProject section */
		ADCF369E24A1D0F40011D6F5 /* Project object */ = {
			isa = PBXProject;
			attributes = {
				BuildIndependentTargetsInParallel = YES;
				LastSwiftUpdateCheck = 1630;
				LastUpgradeCheck = 2600;
				ORGANIZATIONNAME = "Hiromu Nakano";
				TargetAttributes = {
					ADA85F612DB62CDA0047CB54 = {
						CreatedOnToolsVersion = 16.3;
						TestTargetID = ADCF36A524A1D0F40011D6F5;
					};
					ADCF36A524A1D0F40011D6F5 = {
						CreatedOnToolsVersion = 11.5;
						LastSwiftMigration = 1150;
					};
				};
			};
			buildConfigurationList = ADCF36A124A1D0F40011D6F5 /* Build configuration list for PBXProject "Incomes" */;
			compatibilityVersion = "Xcode 9.3";
			developmentRegion = en;
			hasScannedForEncodings = 0;
			knownRegions = (
				en,
				Base,
				ja,
				es,
				"zh-Hans",
				fr,
			);
			mainGroup = ADCF369D24A1D0F40011D6F5;
			packageReferences = (
				ADA85F2F2DB6275B0047CB54 /* XCRemoteSwiftPackageReference "GoogleMobileAdsWrapper" */,
				ADA85F322DB627730047CB54 /* XCRemoteSwiftPackageReference "LicenseListWrapper" */,
				ADA85F352DB627A20047CB54 /* XCRemoteSwiftPackageReference "SwiftUtilities" */,
				ADEACF8F2DB634A1001407EF /* XCRemoteSwiftPackageReference "StoreKitWrapper" */,
			);
			productRefGroup = ADCF36A724A1D0F40011D6F5 /* Products */;
			projectDirPath = "";
			projectRoot = "";
			targets = (
				ADCF36A524A1D0F40011D6F5 /* Incomes */,
				ADA85F612DB62CDA0047CB54 /* IncomesTests */,
				ADD8C8B32DDADBD6002431C6 /* IncomesTimeZoneTests */,
			);
		};
/* End PBXProject section */

/* Begin PBXResourcesBuildPhase section */
		ADA85F602DB62CDA0047CB54 /* Resources */ = {
			isa = PBXResourcesBuildPhase;
			buildActionMask = 2147483647;
			files = (
			);
			runOnlyForDeploymentPostprocessing = 0;
		};
		ADCF36A424A1D0F40011D6F5 /* Resources */ = {
			isa = PBXResourcesBuildPhase;
			buildActionMask = 2147483647;
			files = (
			);
			runOnlyForDeploymentPostprocessing = 0;
		};
		ADD8C8B82DDADBD6002431C6 /* Resources */ = {
			isa = PBXResourcesBuildPhase;
			buildActionMask = 2147483647;
			files = (
			);
			runOnlyForDeploymentPostprocessing = 0;
		};
/* End PBXResourcesBuildPhase section */

/* Begin PBXSourcesBuildPhase section */
		ADA85F5E2DB62CDA0047CB54 /* Sources */ = {
			isa = PBXSourcesBuildPhase;
			buildActionMask = 2147483647;
			files = (
			);
			runOnlyForDeploymentPostprocessing = 0;
		};
		ADCF36A224A1D0F40011D6F5 /* Sources */ = {
			isa = PBXSourcesBuildPhase;
			buildActionMask = 2147483647;
			files = (
			);
			runOnlyForDeploymentPostprocessing = 0;
		};
		ADD8C8B62DDADBD6002431C6 /* Sources */ = {
			isa = PBXSourcesBuildPhase;
			buildActionMask = 2147483647;
			files = (
			);
			runOnlyForDeploymentPostprocessing = 0;
		};
/* End PBXSourcesBuildPhase section */

/* Begin PBXTargetDependency section */
		ADA85F672DB62CDA0047CB54 /* PBXTargetDependency */ = {
			isa = PBXTargetDependency;
			target = ADCF36A524A1D0F40011D6F5 /* Incomes */;
			targetProxy = ADA85F662DB62CDA0047CB54 /* PBXContainerItemProxy */;
		};
		ADD8C8B42DDADBD6002431C6 /* PBXTargetDependency */ = {
			isa = PBXTargetDependency;
			target = ADCF36A524A1D0F40011D6F5 /* Incomes */;
			targetProxy = ADD8C8B52DDADBD6002431C6 /* PBXContainerItemProxy */;
		};
/* End PBXTargetDependency section */

/* Begin XCBuildConfiguration section */
		ADA85F692DB62CDA0047CB54 /* Debug */ = {
			isa = XCBuildConfiguration;
			buildSettings = {
				BUNDLE_LOADER = "$(TEST_HOST)";
				CLANG_CXX_LANGUAGE_STANDARD = "gnu++20";
				CODE_SIGN_STYLE = Automatic;
				CURRENT_PROJECT_VERSION = 1;
				GCC_C_LANGUAGE_STANDARD = gnu17;
				GENERATE_INFOPLIST_FILE = YES;
				IPHONEOS_DEPLOYMENT_TARGET = 18.4;
				MARKETING_VERSION = 1.0;
				PRODUCT_BUNDLE_IDENTIFIER = com.muhiro12.IncomesTests;
				PRODUCT_NAME = "$(TARGET_NAME)";
				SWIFT_ACTIVE_COMPILATION_CONDITIONS = "DEBUG $(inherited)";
				SWIFT_EMIT_LOC_STRINGS = NO;
				SWIFT_VERSION = 5.0;
				TARGETED_DEVICE_FAMILY = "1,2";
				TEST_HOST = "$(BUILT_PRODUCTS_DIR)/Incomes.app/$(BUNDLE_EXECUTABLE_FOLDER_PATH)/Incomes";
			};
			name = Debug;
		};
		ADA85F6A2DB62CDA0047CB54 /* Release */ = {
			isa = XCBuildConfiguration;
			buildSettings = {
				BUNDLE_LOADER = "$(TEST_HOST)";
				CLANG_CXX_LANGUAGE_STANDARD = "gnu++20";
				CODE_SIGN_STYLE = Automatic;
				CURRENT_PROJECT_VERSION = 1;
				GCC_C_LANGUAGE_STANDARD = gnu17;
				GENERATE_INFOPLIST_FILE = YES;
				IPHONEOS_DEPLOYMENT_TARGET = 18.4;
				MARKETING_VERSION = 1.0;
				PRODUCT_BUNDLE_IDENTIFIER = com.muhiro12.IncomesTests;
				PRODUCT_NAME = "$(TARGET_NAME)";
				SWIFT_EMIT_LOC_STRINGS = NO;
				SWIFT_VERSION = 5.0;
				TARGETED_DEVICE_FAMILY = "1,2";
				TEST_HOST = "$(BUILT_PRODUCTS_DIR)/Incomes.app/$(BUNDLE_EXECUTABLE_FOLDER_PATH)/Incomes";
			};
			name = Release;
		};
		ADCF36D124A1D0F70011D6F5 /* Debug */ = {
			isa = XCBuildConfiguration;
			buildSettings = {
				ALWAYS_SEARCH_USER_PATHS = NO;
				ASSETCATALOG_COMPILER_GENERATE_SWIFT_ASSET_SYMBOL_EXTENSIONS = YES;
				ASSETCATALOG_COMPILER_GLOBAL_ACCENT_COLOR_NAME = AccentColor;
				CLANG_ANALYZER_LOCALIZABILITY_NONLOCALIZED = YES;
				CLANG_ANALYZER_NONNULL = YES;
				CLANG_ANALYZER_NUMBER_OBJECT_CONVERSION = YES_AGGRESSIVE;
				CLANG_CXX_LANGUAGE_STANDARD = "gnu++14";
				CLANG_CXX_LIBRARY = "libc++";
				CLANG_ENABLE_MODULES = YES;
				CLANG_ENABLE_OBJC_ARC = YES;
				CLANG_ENABLE_OBJC_WEAK = YES;
				CLANG_WARN_BLOCK_CAPTURE_AUTORELEASING = YES;
				CLANG_WARN_BOOL_CONVERSION = YES;
				CLANG_WARN_COMMA = YES;
				CLANG_WARN_CONSTANT_CONVERSION = YES;
				CLANG_WARN_DEPRECATED_OBJC_IMPLEMENTATIONS = YES;
				CLANG_WARN_DIRECT_OBJC_ISA_USAGE = YES_ERROR;
				CLANG_WARN_DOCUMENTATION_COMMENTS = YES;
				CLANG_WARN_EMPTY_BODY = YES;
				CLANG_WARN_ENUM_CONVERSION = YES;
				CLANG_WARN_INFINITE_RECURSION = YES;
				CLANG_WARN_INT_CONVERSION = YES;
				CLANG_WARN_NON_LITERAL_NULL_CONVERSION = YES;
				CLANG_WARN_OBJC_IMPLICIT_RETAIN_SELF = YES;
				CLANG_WARN_OBJC_LITERAL_CONVERSION = YES;
				CLANG_WARN_OBJC_ROOT_CLASS = YES_ERROR;
				CLANG_WARN_QUOTED_INCLUDE_IN_FRAMEWORK_HEADER = YES;
				CLANG_WARN_RANGE_LOOP_ANALYSIS = YES;
				CLANG_WARN_STRICT_PROTOTYPES = YES;
				CLANG_WARN_SUSPICIOUS_MOVE = YES;
				CLANG_WARN_UNGUARDED_AVAILABILITY = YES_AGGRESSIVE;
				CLANG_WARN_UNREACHABLE_CODE = YES;
				CLANG_WARN__DUPLICATE_METHOD_MATCH = YES;
				COPY_PHASE_STRIP = NO;
				DEBUG_INFORMATION_FORMAT = dwarf;
				DEVELOPMENT_TEAM = 66PKF55HK5;
				ENABLE_STRICT_OBJC_MSGSEND = YES;
				ENABLE_TESTABILITY = YES;
				ENABLE_USER_SCRIPT_SANDBOXING = YES;
				GCC_C_LANGUAGE_STANDARD = gnu11;
				GCC_DYNAMIC_NO_PIC = NO;
				GCC_NO_COMMON_BLOCKS = YES;
				GCC_OPTIMIZATION_LEVEL = 0;
				GCC_PREPROCESSOR_DEFINITIONS = (
					"DEBUG=1",
					"$(inherited)",
				);
				GCC_WARN_64_TO_32_BIT_CONVERSION = YES;
				GCC_WARN_ABOUT_RETURN_TYPE = YES_ERROR;
				GCC_WARN_UNDECLARED_SELECTOR = YES;
				GCC_WARN_UNINITIALIZED_AUTOS = YES_AGGRESSIVE;
				GCC_WARN_UNUSED_FUNCTION = YES;
				GCC_WARN_UNUSED_VARIABLE = YES;
				LOCALIZATION_PREFERS_STRING_CATALOGS = YES;
				MTL_ENABLE_DEBUG_INFO = INCLUDE_SOURCE;
				MTL_FAST_MATH = YES;
				ONLY_ACTIVE_ARCH = YES;
				SDKROOT = iphoneos;
				STRING_CATALOG_GENERATE_SYMBOLS = YES;
				SWIFT_ACTIVE_COMPILATION_CONDITIONS = DEBUG;
				SWIFT_EMIT_LOC_STRINGS = YES;
				SWIFT_OBJC_BRIDGING_HEADER = "";
				SWIFT_OPTIMIZATION_LEVEL = "-Onone";
			};
			name = Debug;
		};
		ADCF36D224A1D0F70011D6F5 /* Release */ = {
			isa = XCBuildConfiguration;
			buildSettings = {
				ALWAYS_SEARCH_USER_PATHS = NO;
				ASSETCATALOG_COMPILER_GENERATE_SWIFT_ASSET_SYMBOL_EXTENSIONS = YES;
				ASSETCATALOG_COMPILER_GLOBAL_ACCENT_COLOR_NAME = AccentColor;
				CLANG_ANALYZER_LOCALIZABILITY_NONLOCALIZED = YES;
				CLANG_ANALYZER_NONNULL = YES;
				CLANG_ANALYZER_NUMBER_OBJECT_CONVERSION = YES_AGGRESSIVE;
				CLANG_CXX_LANGUAGE_STANDARD = "gnu++14";
				CLANG_CXX_LIBRARY = "libc++";
				CLANG_ENABLE_MODULES = YES;
				CLANG_ENABLE_OBJC_ARC = YES;
				CLANG_ENABLE_OBJC_WEAK = YES;
				CLANG_WARN_BLOCK_CAPTURE_AUTORELEASING = YES;
				CLANG_WARN_BOOL_CONVERSION = YES;
				CLANG_WARN_COMMA = YES;
				CLANG_WARN_CONSTANT_CONVERSION = YES;
				CLANG_WARN_DEPRECATED_OBJC_IMPLEMENTATIONS = YES;
				CLANG_WARN_DIRECT_OBJC_ISA_USAGE = YES_ERROR;
				CLANG_WARN_DOCUMENTATION_COMMENTS = YES;
				CLANG_WARN_EMPTY_BODY = YES;
				CLANG_WARN_ENUM_CONVERSION = YES;
				CLANG_WARN_INFINITE_RECURSION = YES;
				CLANG_WARN_INT_CONVERSION = YES;
				CLANG_WARN_NON_LITERAL_NULL_CONVERSION = YES;
				CLANG_WARN_OBJC_IMPLICIT_RETAIN_SELF = YES;
				CLANG_WARN_OBJC_LITERAL_CONVERSION = YES;
				CLANG_WARN_OBJC_ROOT_CLASS = YES_ERROR;
				CLANG_WARN_QUOTED_INCLUDE_IN_FRAMEWORK_HEADER = YES;
				CLANG_WARN_RANGE_LOOP_ANALYSIS = YES;
				CLANG_WARN_STRICT_PROTOTYPES = YES;
				CLANG_WARN_SUSPICIOUS_MOVE = YES;
				CLANG_WARN_UNGUARDED_AVAILABILITY = YES_AGGRESSIVE;
				CLANG_WARN_UNREACHABLE_CODE = YES;
				CLANG_WARN__DUPLICATE_METHOD_MATCH = YES;
				COPY_PHASE_STRIP = NO;
				DEBUG_INFORMATION_FORMAT = "dwarf-with-dsym";
				DEVELOPMENT_TEAM = 66PKF55HK5;
				ENABLE_NS_ASSERTIONS = NO;
				ENABLE_STRICT_OBJC_MSGSEND = YES;
				ENABLE_USER_SCRIPT_SANDBOXING = YES;
				GCC_C_LANGUAGE_STANDARD = gnu11;
				GCC_NO_COMMON_BLOCKS = YES;
				GCC_WARN_64_TO_32_BIT_CONVERSION = YES;
				GCC_WARN_ABOUT_RETURN_TYPE = YES_ERROR;
				GCC_WARN_UNDECLARED_SELECTOR = YES;
				GCC_WARN_UNINITIALIZED_AUTOS = YES_AGGRESSIVE;
				GCC_WARN_UNUSED_FUNCTION = YES;
				GCC_WARN_UNUSED_VARIABLE = YES;
				LOCALIZATION_PREFERS_STRING_CATALOGS = YES;
				MTL_ENABLE_DEBUG_INFO = NO;
				MTL_FAST_MATH = YES;
				SDKROOT = iphoneos;
				STRING_CATALOG_GENERATE_SYMBOLS = YES;
				SWIFT_COMPILATION_MODE = wholemodule;
				SWIFT_EMIT_LOC_STRINGS = YES;
				SWIFT_OBJC_BRIDGING_HEADER = "";
				SWIFT_OPTIMIZATION_LEVEL = "-O";
				VALIDATE_PRODUCT = YES;
			};
			name = Release;
		};
		ADCF36D424A1D0F70011D6F5 /* Debug */ = {
			isa = XCBuildConfiguration;
			buildSettings = {
				ASSETCATALOG_COMPILER_APPICON_NAME = AppIcon;
				CLANG_ANALYZER_LOCALIZABILITY_NONLOCALIZED = NO;
				CLANG_ENABLE_MODULES = YES;
				CODE_SIGN_ENTITLEMENTS = Incomes/Configurations/Incomes.entitlements;
				CODE_SIGN_IDENTITY = "Apple Development";
				CODE_SIGN_STYLE = Automatic;
				CURRENT_PROJECT_VERSION = 1;
				DEVELOPMENT_ASSET_PATHS = "";
				ENABLE_APP_SANDBOX = YES;
				ENABLE_HARDENED_RUNTIME = YES;
				ENABLE_OUTGOING_NETWORK_CONNECTIONS = YES;
				ENABLE_PREVIEWS = YES;
				GENERATE_INFOPLIST_FILE = YES;
				INFOPLIST_FILE = Incomes/Configurations/Info.plist;
				INFOPLIST_KEY_ITSAppUsesNonExemptEncryption = NO;
				INFOPLIST_KEY_LSApplicationCategoryType = "public.app-category.finance";
				INFOPLIST_KEY_NSCameraUsageDescription = "Camera access is required to scan receipts.";
				INFOPLIST_KEY_NSMicrophoneUsageDescription = "Allow microphone access to capture your speech for transcription.";
				INFOPLIST_KEY_NSSpeechRecognitionUsageDescription = "Allow speech recognition to convert your speech into text.";
				INFOPLIST_KEY_UIApplicationSceneManifest_Generation = YES;
				"INFOPLIST_KEY_UIApplicationSceneManifest_Generation[sdk=iphoneos*]" = YES;
				"INFOPLIST_KEY_UIApplicationSceneManifest_Generation[sdk=iphonesimulator*]" = YES;
				INFOPLIST_KEY_UILaunchScreen_Generation = YES;
				"INFOPLIST_KEY_UILaunchScreen_Generation[sdk=iphoneos*]" = YES;
				"INFOPLIST_KEY_UILaunchScreen_Generation[sdk=iphonesimulator*]" = YES;
				INFOPLIST_KEY_UIStatusBarStyle = "";
				INFOPLIST_KEY_UISupportedInterfaceOrientations = "UIInterfaceOrientationLandscapeLeft UIInterfaceOrientationLandscapeRIght UIInterfaceOrientationLandscapeRight UIInterfaceOrientationPortrait";
				INFOPLIST_KEY_UISupportedInterfaceOrientations_iPad = "UIInterfaceOrientationLandscapeLeft UIInterfaceOrientationLandscapeRight UIInterfaceOrientationPortrait UIInterfaceOrientationPortraitUpsideDown";
				INFOPLIST_OUTPUT_FORMAT = "same-as-input";
				IPHONEOS_DEPLOYMENT_TARGET = 17.0;
				LD_RUNPATH_SEARCH_PATHS = (
					"$(inherited)",
					"@executable_path/Frameworks",
				);
				MACOSX_DEPLOYMENT_TARGET = 14.6;
				MARKETING_VERSION = 5.0;
				OTHER_LDFLAGS = "-ObjC";
				PLIST_FILE_OUTPUT_FORMAT = "same-as-input";
				PRODUCT_BUNDLE_IDENTIFIER = com.muhiro12.Incomes;
				PRODUCT_NAME = "$(TARGET_NAME)";
				PROVISIONING_PROFILE_SPECIFIER = "";
				SDKROOT = iphoneos;
				STRINGS_FILE_OUTPUT_ENCODING = "UTF-16";
				SUPPORTED_PLATFORMS = "iphoneos iphonesimulator";
				SUPPORTS_MACCATALYST = NO;
				SWIFT_APPROACHABLE_CONCURRENCY = YES;
				SWIFT_DEFAULT_ACTOR_ISOLATION = MainActor;
				SWIFT_EMIT_LOC_STRINGS = YES;
				SWIFT_OPTIMIZATION_LEVEL = "-Onone";
				SWIFT_VERSION = 6.0;
				TARGETED_DEVICE_FAMILY = "1,2";
				VALIDATE_PRODUCT = NO;
			};
			name = Debug;
		};
		ADCF36D524A1D0F70011D6F5 /* Release */ = {
			isa = XCBuildConfiguration;
			buildSettings = {
				ASSETCATALOG_COMPILER_APPICON_NAME = AppIcon;
				CLANG_ANALYZER_LOCALIZABILITY_NONLOCALIZED = NO;
				CLANG_ENABLE_MODULES = YES;
				CODE_SIGN_ENTITLEMENTS = Incomes/Configurations/Incomes.entitlements;
				"CODE_SIGN_IDENTITY[sdk=macosx*]" = "Apple Development";
				CODE_SIGN_STYLE = Automatic;
				CURRENT_PROJECT_VERSION = 1;
				DEVELOPMENT_ASSET_PATHS = "";
				ENABLE_APP_SANDBOX = YES;
				ENABLE_HARDENED_RUNTIME = YES;
				ENABLE_OUTGOING_NETWORK_CONNECTIONS = YES;
				ENABLE_PREVIEWS = YES;
				GENERATE_INFOPLIST_FILE = YES;
				INFOPLIST_FILE = Incomes/Configurations/Info.plist;
				INFOPLIST_KEY_ITSAppUsesNonExemptEncryption = NO;
				INFOPLIST_KEY_LSApplicationCategoryType = "public.app-category.finance";
				INFOPLIST_KEY_NSCameraUsageDescription = "Camera access is required to scan receipts.";
				INFOPLIST_KEY_NSMicrophoneUsageDescription = "Allow microphone access to capture your speech for transcription.";
				INFOPLIST_KEY_NSSpeechRecognitionUsageDescription = "Allow speech recognition to convert your speech into text.";
				INFOPLIST_KEY_UIApplicationSceneManifest_Generation = YES;
				"INFOPLIST_KEY_UIApplicationSceneManifest_Generation[sdk=iphoneos*]" = YES;
				"INFOPLIST_KEY_UIApplicationSceneManifest_Generation[sdk=iphonesimulator*]" = YES;
				INFOPLIST_KEY_UILaunchScreen_Generation = YES;
				"INFOPLIST_KEY_UILaunchScreen_Generation[sdk=iphoneos*]" = YES;
				"INFOPLIST_KEY_UILaunchScreen_Generation[sdk=iphonesimulator*]" = YES;
				INFOPLIST_KEY_UIStatusBarStyle = "";
				INFOPLIST_KEY_UISupportedInterfaceOrientations = "UIInterfaceOrientationLandscapeLeft UIInterfaceOrientationLandscapeRIght UIInterfaceOrientationLandscapeRight UIInterfaceOrientationPortrait";
				INFOPLIST_KEY_UISupportedInterfaceOrientations_iPad = "UIInterfaceOrientationLandscapeLeft UIInterfaceOrientationLandscapeRight UIInterfaceOrientationPortrait UIInterfaceOrientationPortraitUpsideDown";
				INFOPLIST_OUTPUT_FORMAT = "same-as-input";
				IPHONEOS_DEPLOYMENT_TARGET = 17.0;
				LD_RUNPATH_SEARCH_PATHS = (
					"$(inherited)",
					"@executable_path/Frameworks",
				);
				MACOSX_DEPLOYMENT_TARGET = 14.6;
				MARKETING_VERSION = 5.0;
				OTHER_LDFLAGS = "-ObjC";
				PLIST_FILE_OUTPUT_FORMAT = "same-as-input";
				PRODUCT_BUNDLE_IDENTIFIER = com.muhiro12.Incomes;
				PRODUCT_NAME = "$(TARGET_NAME)";
				PROVISIONING_PROFILE_SPECIFIER = "";
				SDKROOT = iphoneos;
				STRINGS_FILE_OUTPUT_ENCODING = "UTF-16";
				SUPPORTED_PLATFORMS = "iphoneos iphonesimulator";
				SUPPORTS_MACCATALYST = NO;
				SWIFT_APPROACHABLE_CONCURRENCY = YES;
				SWIFT_DEFAULT_ACTOR_ISOLATION = MainActor;
				SWIFT_EMIT_LOC_STRINGS = YES;
				SWIFT_VERSION = 6.0;
				TARGETED_DEVICE_FAMILY = "1,2";
				VALIDATE_PRODUCT = NO;
			};
			name = Release;
		};
		ADD8C8BA2DDADBD6002431C6 /* Debug */ = {
			isa = XCBuildConfiguration;
			buildSettings = {
				BUNDLE_LOADER = "$(TEST_HOST)";
				CLANG_CXX_LANGUAGE_STANDARD = "gnu++20";
				CODE_SIGN_STYLE = Automatic;
				CURRENT_PROJECT_VERSION = 1;
				GCC_C_LANGUAGE_STANDARD = gnu17;
				GENERATE_INFOPLIST_FILE = YES;
				IPHONEOS_DEPLOYMENT_TARGET = 18.4;
				MARKETING_VERSION = 1.0;
				PRODUCT_BUNDLE_IDENTIFIER = com.muhiro12.IncomesTests;
				PRODUCT_NAME = "$(TARGET_NAME)";
				SWIFT_ACTIVE_COMPILATION_CONDITIONS = "DEBUG $(inherited)";
				SWIFT_EMIT_LOC_STRINGS = NO;
				SWIFT_VERSION = 5.0;
				TARGETED_DEVICE_FAMILY = "1,2";
				TEST_HOST = "$(BUILT_PRODUCTS_DIR)/Incomes.app/$(BUNDLE_EXECUTABLE_FOLDER_PATH)/Incomes";
			};
			name = Debug;
		};
		ADD8C8BB2DDADBD6002431C6 /* Release */ = {
			isa = XCBuildConfiguration;
			buildSettings = {
				BUNDLE_LOADER = "$(TEST_HOST)";
				CLANG_CXX_LANGUAGE_STANDARD = "gnu++20";
				CODE_SIGN_STYLE = Automatic;
				CURRENT_PROJECT_VERSION = 1;
				GCC_C_LANGUAGE_STANDARD = gnu17;
				GENERATE_INFOPLIST_FILE = YES;
				IPHONEOS_DEPLOYMENT_TARGET = 18.4;
				MARKETING_VERSION = 1.0;
				PRODUCT_BUNDLE_IDENTIFIER = com.muhiro12.IncomesTests;
				PRODUCT_NAME = "$(TARGET_NAME)";
				SWIFT_EMIT_LOC_STRINGS = NO;
				SWIFT_VERSION = 5.0;
				TARGETED_DEVICE_FAMILY = "1,2";
				TEST_HOST = "$(BUILT_PRODUCTS_DIR)/Incomes.app/$(BUNDLE_EXECUTABLE_FOLDER_PATH)/Incomes";
			};
			name = Release;
		};
/* End XCBuildConfiguration section */

/* Begin XCConfigurationList section */
		ADA85F682DB62CDA0047CB54 /* Build configuration list for PBXNativeTarget "IncomesTests" */ = {
			isa = XCConfigurationList;
			buildConfigurations = (
				ADA85F692DB62CDA0047CB54 /* Debug */,
				ADA85F6A2DB62CDA0047CB54 /* Release */,
			);
			defaultConfigurationIsVisible = 0;
			defaultConfigurationName = Release;
		};
		ADCF36A124A1D0F40011D6F5 /* Build configuration list for PBXProject "Incomes" */ = {
			isa = XCConfigurationList;
			buildConfigurations = (
				ADCF36D124A1D0F70011D6F5 /* Debug */,
				ADCF36D224A1D0F70011D6F5 /* Release */,
			);
			defaultConfigurationIsVisible = 0;
			defaultConfigurationName = Release;
		};
		ADCF36D324A1D0F70011D6F5 /* Build configuration list for PBXNativeTarget "Incomes" */ = {
			isa = XCConfigurationList;
			buildConfigurations = (
				ADCF36D424A1D0F70011D6F5 /* Debug */,
				ADCF36D524A1D0F70011D6F5 /* Release */,
			);
			defaultConfigurationIsVisible = 0;
			defaultConfigurationName = Release;
		};
		ADD8C8B92DDADBD6002431C6 /* Build configuration list for PBXNativeTarget "IncomesTimeZoneTests" */ = {
			isa = XCConfigurationList;
			buildConfigurations = (
				ADD8C8BA2DDADBD6002431C6 /* Debug */,
				ADD8C8BB2DDADBD6002431C6 /* Release */,
			);
			defaultConfigurationIsVisible = 0;
			defaultConfigurationName = Release;
		};
/* End XCConfigurationList section */

/* Begin XCRemoteSwiftPackageReference section */
		ADA85F2F2DB6275B0047CB54 /* XCRemoteSwiftPackageReference "GoogleMobileAdsWrapper" */ = {
			isa = XCRemoteSwiftPackageReference;
			repositoryURL = "https://github.com/muhiro12/GoogleMobileAdsWrapper.git";
			requirement = {
				kind = upToNextMajorVersion;
				minimumVersion = 1.2.0;
			};
		};
		ADA85F322DB627730047CB54 /* XCRemoteSwiftPackageReference "LicenseListWrapper" */ = {
			isa = XCRemoteSwiftPackageReference;
			repositoryURL = "https://github.com/muhiro12/LicenseListWrapper.git";
			requirement = {
				kind = upToNextMajorVersion;
				minimumVersion = 1.1.0;
			};
		};
		ADA85F352DB627A20047CB54 /* XCRemoteSwiftPackageReference "SwiftUtilities" */ = {
			isa = XCRemoteSwiftPackageReference;
			repositoryURL = "https://github.com/muhiro12/SwiftUtilities.git";
			requirement = {
				kind = upToNextMajorVersion;
				minimumVersion = 1.9.0;
			};
		};
		ADEACF8F2DB634A1001407EF /* XCRemoteSwiftPackageReference "StoreKitWrapper" */ = {
			isa = XCRemoteSwiftPackageReference;
			repositoryURL = "https://github.com/muhiro12/StoreKitWrapper.git";
			requirement = {
				kind = upToNextMajorVersion;
				minimumVersion = 1.0.0;
			};
		};
/* End XCRemoteSwiftPackageReference section */

/* Begin XCSwiftPackageProductDependency section */
		ADA85F302DB6275B0047CB54 /* GoogleMobileAdsWrapper */ = {
			isa = XCSwiftPackageProductDependency;
			package = ADA85F2F2DB6275B0047CB54 /* XCRemoteSwiftPackageReference "GoogleMobileAdsWrapper" */;
			productName = GoogleMobileAdsWrapper;
		};
		ADA85F332DB627730047CB54 /* LicenseListWrapper */ = {
			isa = XCSwiftPackageProductDependency;
			package = ADA85F322DB627730047CB54 /* XCRemoteSwiftPackageReference "LicenseListWrapper" */;
			productName = LicenseListWrapper;
		};
		ADA85F362DB627A20047CB54 /* SwiftUtilities */ = {
			isa = XCSwiftPackageProductDependency;
			package = ADA85F352DB627A20047CB54 /* XCRemoteSwiftPackageReference "SwiftUtilities" */;
			productName = SwiftUtilities;
		};
		ADEACF902DB634A1001407EF /* StoreKitWrapper */ = {
			isa = XCSwiftPackageProductDependency;
			package = ADEACF8F2DB634A1001407EF /* XCRemoteSwiftPackageReference "StoreKitWrapper" */;
			productName = StoreKitWrapper;
		};
/* End XCSwiftPackageProductDependency section */
	};
	rootObject = ADCF369E24A1D0F40011D6F5 /* Project object */;
}
