{
  "pins" : [
    {
      "identity" : "googlemobileadswrapper",
      "kind" : "remoteSourceControl",
      "location" : "https://github.com/muhiro12/GoogleMobileAdsWrapper.git",
      "state" : {
        "branch" : "main",
        "revision" : "6084f4a52f33b9f1c97e7934a17cedf2d45f4251"
      }
    },
    {
      "identity" : "licenselist",
      "kind" : "remoteSourceControl",
      "location" : "https://github.com/cybozu/LicenseList.git",
      "state" : {
        "branch" : "main",
        "revision" : "a74584035935447b81bcfea5319555812487001b"
      }
    },
    {
      "identity" : "licenselistwrapper",
      "kind" : "remoteSourceControl",
      "location" : "https://github.com/muhiro12/LicenseListWrapper.git",
      "state" : {
        "branch" : "main",
        "revision" : "54f234c63b3ad05f52bd702f5a5c8a5cb509af20"
      }
    },
    {
      "identity" : "storekitwrapper",
      "kind" : "remoteSourceControl",
      "location" : "https://github.com/muhiro12/StoreKitWrapper.git",
      "state" : {
        "branch" : "main",
        "revision" : "0a73e6ec9922a56359e41bde540431a7d57b2661"
      }
    },
    {
      "identity" : "swift-package-manager-google-mobile-ads",
      "kind" : "remoteSourceControl",
      "location" : "https://github.com/googleads/swift-package-manager-google-mobile-ads.git",
      "state" : {
        "branch" : "main",
        "revision" : "1e60477cbc4c4868ec8414524f8cd163132753ff"
      }
    },
    {
      "identity" : "swift-package-manager-google-user-messaging-platform",
      "kind" : "remoteSourceControl",
      "location" : "https://github.com/googleads/swift-package-manager-google-user-messaging-platform.git",
      "state" : {
        "revision" : "74f2ec169551c3b924947b473716142a0b983e10",
        "version" : "2.6.0"
      }
    },
    {
      "identity" : "swiftutilities",
      "kind" : "remoteSourceControl",
      "location" : "https://github.com/muhiro12/SwiftUtilities.git",
      "state" : {
        "revision" : "bed23ac161a683b3c7fd922064edb0d5a51c1832",
        "version" : "1.6.0"
      }
    }
  ],
  "version" : 2
}
